
Microsoft Visual Studio Solution File, Format Version 12.00
# Visual Studio Version 17
VisualStudioVersion = 17.4.33110.190
MinimumVisualStudioVersion = 10.0.40219.1
Project("{9A19103F-16F7-4668-BE54-9A1E7A4F7556}") = "EventBusAbstractions", "EventBusAbstractions\EventBusAbstractions.csproj", "{6BEF6A48-B9DA-40F6-9D84-8708C6D12FBA}"
EndProject
Project("{9A19103F-16F7-4668-BE54-9A1E7A4F7556}") = "RabbitMQ", "RabbitMQ\RabbitMQ.csproj", "{429B5391-6C0B-43E9-A6BE-E4F8AE72A875}"
EndProject
Global
	GlobalSection(SolutionConfigurationPlatforms) = preSolution
		Debug|Any CPU = Debug|Any CPU
		Release|Any CPU = Release|Any CPU
	EndGlobalSection
	GlobalSection(ProjectConfigurationPlatforms) = postSolution
		{6BEF6A48-B9DA-40F6-9D84-8708C6D12FBA}.Debug|Any CPU.ActiveCfg = Debug|Any CPU
		{6BEF6A48-B9DA-40F6-9D84-8708C6D12FBA}.Debug|Any CPU.Build.0 = Debug|Any CPU
		{6BEF6A48-B9DA-40F6-9D84-8708C6D12FBA}.Release|Any CPU.ActiveCfg = Release|Any CPU
		{6BEF6A48-B9DA-40F6-9D84-8708C6D12FBA}.Release|Any CPU.Build.0 = Release|Any CPU
		{429B5391-6C0B-43E9-A6BE-E4F8AE72A875}.Debug|Any CPU.ActiveCfg = Debug|Any CPU
		{429B5391-6C0B-43E9-A6BE-E4F8AE72A875}.Debug|Any CPU.Build.0 = Debug|Any CPU
		{429B5391-6C0B-43E9-A6BE-E4F8AE72A875}.Release|Any CPU.ActiveCfg = Release|Any CPU
		{429B5391-6C0B-43E9-A6BE-E4F8AE72A875}.Release|Any CPU.Build.0 = Release|Any CPU
	EndGlobalSection
	GlobalSection(SolutionProperties) = preSolution
		HideSolutionNode = FALSE
	EndGlobalSection
	GlobalSection(ExtensibilityGlobals) = postSolution
		SolutionGuid = {4B910FB6-1F51-49C3-8F3B-0616710CB47A}
	EndGlobalSection
EndGlobal
